
Microsoft Visual Studio Solution File, Format Version 12.00
# Visual Studio Version 16
VisualStudioVersion = 16.0.32002.261
MinimumVisualStudioVersion = 10.0.40219.1
Project("{FAE04EC0-301F-11D3-BF4B-00C04F79EFBC}") = "sqsconsumer", "sqsconsumer\sqsconsumer.csproj", "{2FF9BF98-EDFE-4EC4-AA66-59E803D9CA92}"
EndProject
Global
	GlobalSection(SolutionConfigurationPlatforms) = preSolution
		Debug|Any CPU = Debug|Any CPU
		Release|Any CPU = Release|Any CPU
	EndGlobalSection
	GlobalSection(ProjectConfigurationPlatforms) = postSolution
		{2FF9BF98-EDFE-4EC4-AA66-59E803D9CA92}.Debug|Any CPU.ActiveCfg = Debug|Any CPU
		{2FF9BF98-EDFE-4EC4-AA66-59E803D9CA92}.Debug|Any CPU.Build.0 = Debug|Any CPU
		{2FF9BF98-EDFE-4EC4-AA66-59E803D9CA92}.Release|Any CPU.ActiveCfg = Release|Any CPU
		{2FF9BF98-EDFE-4EC4-AA66-59E803D9CA92}.Release|Any CPU.Build.0 = Release|Any CPU
	EndGlobalSection
	GlobalSection(SolutionProperties) = preSolution
		HideSolutionNode = FALSE
	EndGlobalSection
	GlobalSection(ExtensibilityGlobals) = postSolution
		SolutionGuid = {6B868C56-2336-4B47-A320-087D8159CB17}
	EndGlobalSection
EndGlobal
